
Microsoft Visual Studio Solution File, Format Version 12.00
# Visual Studio 15
VisualStudioVersion = 15.0.28307.329
MinimumVisualStudioVersion = 10.0.40219.1
Project("{9A19103F-16F7-4668-BE54-9A1E7A4F7556}") = "DesafioIControlSmart.WebApp", "DesafioIControlSmart.WebApp\DesafioIControlSmart.WebApp.csproj", "{8B74DF85-DC36-4650-A83C-76DF53960874}"
EndProject
Project("{9A19103F-16F7-4668-BE54-9A1E7A4F7556}") = "DesafioIControlSmart.Data", "DesafioIControlSmart.Data\DesafioIControlSmart.Data.csproj", "{F0461EEE-B9E4-4527-AF5E-80D879DB1C2F}"
EndProject
Project("{9A19103F-16F7-4668-BE54-9A1E7A4F7556}") = "DesafioIControlSmart.Client", "DesafioIControlSmart.Client\DesafioIControlSmart.Client.csproj", "{A1B71BA7-8D67-4687-9D59-5F3FC3FF1EE2}"
EndProject
Project("{FAE04EC0-301F-11D3-BF4B-00C04F79EFBC}") = "DesafioIControlSmart.ClientApp", "DesafioIControlSmart.ClientApp\DesafioIControlSmart.ClientApp.csproj", "{23E45BAB-36E0-45DF-B70E-592D6044CC23}"
EndProject
Project("{FAE04EC0-301F-11D3-BF4B-00C04F79EFBC}") = "DesafioIControlSmart.ClientWindowsService", "DesafioIControlSmart.ClientWindowsService\DesafioIControlSmart.ClientWindowsService.csproj", "{86C4B45D-D369-4E9E-A2D1-5700BA22DA58}"
EndProject
Project("{930C7802-8A8C-48F9-8165-68863BCCD9DD}") = "ClientWindowsService.Setup", "ClientWindowsService.Setup\ClientWindowsService.Setup.wixproj", "{AE5E9966-5423-4692-BDEC-0B6F7F3C2E26}"
EndProject
Global
	GlobalSection(SolutionConfigurationPlatforms) = preSolution
		Debug|Any CPU = Debug|Any CPU
		Debug|x86 = Debug|x86
		Release|Any CPU = Release|Any CPU
		Release|x86 = Release|x86
	EndGlobalSection
	GlobalSection(ProjectConfigurationPlatforms) = postSolution
		{8B74DF85-DC36-4650-A83C-76DF53960874}.Debug|Any CPU.ActiveCfg = Debug|Any CPU
		{8B74DF85-DC36-4650-A83C-76DF53960874}.Debug|Any CPU.Build.0 = Debug|Any CPU
		{8B74DF85-DC36-4650-A83C-76DF53960874}.Debug|x86.ActiveCfg = Debug|Any CPU
		{8B74DF85-DC36-4650-A83C-76DF53960874}.Debug|x86.Build.0 = Debug|Any CPU
		{8B74DF85-DC36-4650-A83C-76DF53960874}.Release|Any CPU.ActiveCfg = Release|Any CPU
		{8B74DF85-DC36-4650-A83C-76DF53960874}.Release|Any CPU.Build.0 = Release|Any CPU
		{8B74DF85-DC36-4650-A83C-76DF53960874}.Release|x86.ActiveCfg = Release|Any CPU
		{8B74DF85-DC36-4650-A83C-76DF53960874}.Release|x86.Build.0 = Release|Any CPU
		{F0461EEE-B9E4-4527-AF5E-80D879DB1C2F}.Debug|Any CPU.ActiveCfg = Debug|Any CPU
		{F0461EEE-B9E4-4527-AF5E-80D879DB1C2F}.Debug|Any CPU.Build.0 = Debug|Any CPU
		{F0461EEE-B9E4-4527-AF5E-80D879DB1C2F}.Debug|x86.ActiveCfg = Debug|Any CPU
		{F0461EEE-B9E4-4527-AF5E-80D879DB1C2F}.Debug|x86.Build.0 = Debug|Any CPU
		{F0461EEE-B9E4-4527-AF5E-80D879DB1C2F}.Release|Any CPU.ActiveCfg = Release|Any CPU
		{F0461EEE-B9E4-4527-AF5E-80D879DB1C2F}.Release|Any CPU.Build.0 = Release|Any CPU
		{F0461EEE-B9E4-4527-AF5E-80D879DB1C2F}.Release|x86.ActiveCfg = Release|Any CPU
		{F0461EEE-B9E4-4527-AF5E-80D879DB1C2F}.Release|x86.Build.0 = Release|Any CPU
		{A1B71BA7-8D67-4687-9D59-5F3FC3FF1EE2}.Debug|Any CPU.ActiveCfg = Debug|Any CPU
		{A1B71BA7-8D67-4687-9D59-5F3FC3FF1EE2}.Debug|Any CPU.Build.0 = Debug|Any CPU
		{A1B71BA7-8D67-4687-9D59-5F3FC3FF1EE2}.Debug|x86.ActiveCfg = Debug|Any CPU
		{A1B71BA7-8D67-4687-9D59-5F3FC3FF1EE2}.Debug|x86.Build.0 = Debug|Any CPU
		{A1B71BA7-8D67-4687-9D59-5F3FC3FF1EE2}.Release|Any CPU.ActiveCfg = Release|Any CPU
		{A1B71BA7-8D67-4687-9D59-5F3FC3FF1EE2}.Release|Any CPU.Build.0 = Release|Any CPU
		{A1B71BA7-8D67-4687-9D59-5F3FC3FF1EE2}.Release|x86.ActiveCfg = Release|Any CPU
		{A1B71BA7-8D67-4687-9D59-5F3FC3FF1EE2}.Release|x86.Build.0 = Release|Any CPU
		{23E45BAB-36E0-45DF-B70E-592D6044CC23}.Debug|Any CPU.ActiveCfg = Debug|Any CPU
		{23E45BAB-36E0-45DF-B70E-592D6044CC23}.Debug|Any CPU.Build.0 = Debug|Any CPU
		{23E45BAB-36E0-45DF-B70E-592D6044CC23}.Debug|x86.ActiveCfg = Debug|Any CPU
		{23E45BAB-36E0-45DF-B70E-592D6044CC23}.Debug|x86.Build.0 = Debug|Any CPU
		{23E45BAB-36E0-45DF-B70E-592D6044CC23}.Release|Any CPU.ActiveCfg = Release|Any CPU
		{23E45BAB-36E0-45DF-B70E-592D6044CC23}.Release|Any CPU.Build.0 = Release|Any CPU
		{23E45BAB-36E0-45DF-B70E-592D6044CC23}.Release|x86.ActiveCfg = Release|Any CPU
		{23E45BAB-36E0-45DF-B70E-592D6044CC23}.Release|x86.Build.0 = Release|Any CPU
		{86C4B45D-D369-4E9E-A2D1-5700BA22DA58}.Debug|Any CPU.ActiveCfg = Debug|Any CPU
		{86C4B45D-D369-4E9E-A2D1-5700BA22DA58}.Debug|Any CPU.Build.0 = Debug|Any CPU
		{86C4B45D-D369-4E9E-A2D1-5700BA22DA58}.Debug|x86.ActiveCfg = Debug|Any CPU
		{86C4B45D-D369-4E9E-A2D1-5700BA22DA58}.Debug|x86.Build.0 = Debug|Any CPU
		{86C4B45D-D369-4E9E-A2D1-5700BA22DA58}.Release|Any CPU.ActiveCfg = Release|Any CPU
		{86C4B45D-D369-4E9E-A2D1-5700BA22DA58}.Release|Any CPU.Build.0 = Release|Any CPU
		{86C4B45D-D369-4E9E-A2D1-5700BA22DA58}.Release|x86.ActiveCfg = Release|Any CPU
		{86C4B45D-D369-4E9E-A2D1-5700BA22DA58}.Release|x86.Build.0 = Release|Any CPU
		{AE5E9966-5423-4692-BDEC-0B6F7F3C2E26}.Debug|Any CPU.ActiveCfg = Debug|x86
		{AE5E9966-5423-4692-BDEC-0B6F7F3C2E26}.Debug|x86.ActiveCfg = Debug|x86
		{AE5E9966-5423-4692-BDEC-0B6F7F3C2E26}.Debug|x86.Build.0 = Debug|x86
		{AE5E9966-5423-4692-BDEC-0B6F7F3C2E26}.Release|Any CPU.ActiveCfg = Release|x86
		{AE5E9966-5423-4692-BDEC-0B6F7F3C2E26}.Release|x86.ActiveCfg = Release|x86
		{AE5E9966-5423-4692-BDEC-0B6F7F3C2E26}.Release|x86.Build.0 = Release|x86
	EndGlobalSection
	GlobalSection(SolutionProperties) = preSolution
		HideSolutionNode = FALSE
	EndGlobalSection
	GlobalSection(ExtensibilityGlobals) = postSolution
		SolutionGuid = {CA9DCFC0-5071-4884-8621-EC6795D64320}
	EndGlobalSection
EndGlobal
